// !$*UTF8*$!
{
	archiveVersion = 1;
	classes = {
	};
	objectVersion = 77;
	objects = {

/* Begin PBXBuildFile section */
		8A61BE3F300544670038A472 /* ContentView.swift in Sources */ = {isa = PBXBuildFile; fileRef = 8A61BE3B300544670038A472 /* ContentView.swift */; };
		8A61BE40300544670038A472 /* Item.swift in Sources */ = {isa = PBXBuildFile; fileRef = 8A61BE3C300544670038A472 /* Item.swift */; };
		8A61BE41300544670038A472 /* ShiftApp.swift in Sources */ = {isa = PBXBuildFile; fileRef = 8A61BE3D300544670038A472 /* ShiftApp.swift */; };
		8A61BE42300544670038A472 /* Assets.xcassets in Resources */ = {isa = PBXBuildFile; fileRef = 8A61BE3A300544670038A472 /* Assets.xcassets */; };
		8A61BE49300545C30038A472 /* DashboardView.swift in Sources */ = {isa = PBXBuildFile; fileRef = 8A61BE48300545C30038A472 /* DashboardView.swift */; };
		8A61BE4B300545E20038A472 /* RootView.swift in Sources */ = {isa = PBXBuildFile; fileRef = 8A61BE4A300545E20038A472 /* RootView.swift */; };
		8A61BE54300547110038A472 /* AppColors.swift in Sources */ = {isa = PBXBuildFile; fileRef = 8A61BE51300547110038A472 /* AppColors.swift */; };
		8A61BE55300547110038A472 /* Typography.swift in Sources */ = {isa = PBXBuildFile; fileRef = 8A61BE52300547110038A472 /* Typography.swift */; };
		8A61BE57300549A20038A472 /* Spacing.swift in Sources */ = {isa = PBXBuildFile; fileRef = 8A61BE56300549A20038A472 /* Spacing.swift */; };
		8A61BE5930054A0E0038A472 /* Radius.swift in Sources */ = {isa = PBXBuildFile; fileRef = 8A61BE5830054A0E0038A472 /* Radius.swift */; };
		8A61BE5B30054A160038A472 /* Shadows.swift in Sources */ = {isa = PBXBuildFile; fileRef = 8A61BE5A30054A160038A472 /* Shadows.swift */; };
		8A61BE6B30054B820038A472 /* AppCard.swift in Sources */ = {isa = PBXBuildFile; fileRef = 8A61BE6A30054B820038A472 /* AppCard.swift */; };
		8A61BE7530054D590038A472 /* DashboardViewModel.swift in Sources */ = {isa = PBXBuildFile; fileRef = 8A61BE7430054D590038A472 /* DashboardViewModel.swift */; };
		8A61BE833006B0010038A472 /* Color+Hex.swift in Sources */ = {isa = PBXBuildFile; fileRef = 8A61BE813006B0010038A472 /* Color+Hex.swift */; };
		8A61BEB8300942A20038A472 /* FeaturesView.swift in Sources */ = {isa = PBXBuildFile; fileRef = 8A61BEB7300942A20038A472 /* FeaturesView.swift */; };
		8A61BEBA300942AE0038A472 /* CalendarView.swift in Sources */ = {isa = PBXBuildFile; fileRef = 8A61BEB9300942AE0038A472 /* CalendarView.swift */; };
		8A61BEBC300942B50038A472 /* StatisticsView.swift in Sources */ = {isa = PBXBuildFile; fileRef = 8A61BEBB300942B50038A472 /* StatisticsView.swift */; };
		8A61BEBE300942BC0038A472 /* ProfileView.swift in Sources */ = {isa = PBXBuildFile; fileRef = 8A61BEBD300942BC0038A472 /* ProfileView.swift */; };
/* End PBXBuildFile section */

/* Begin PBXContainerItemProxy section */
		8A61BE10300543E10038A472 /* PBXContainerItemProxy */ = {
			isa = PBXContainerItemProxy;
			containerPortal = 8A61BDF8300543DF0038A472 /* Project object */;
			proxyType = 1;
			remoteGlobalIDString = 8A61BDFF300543DF0038A472;
			remoteInfo = Shift;
		};
		8A61BE1A300543E10038A472 /* PBXContainerItemProxy */ = {
			isa = PBXContainerItemProxy;
			containerPortal = 8A61BDF8300543DF0038A472 /* Project object */;
			proxyType = 1;
			remoteGlobalIDString = 8A61BDFF300543DF0038A472;
			remoteInfo = Shift;
		};
/* End PBXContainerItemProxy section */

/* Begin PBXFileReference section */
		8A61BE00300543DF0038A472 /* Shift.app */ = {isa = PBXFileReference; explicitFileType = wrapper.application; includeInIndex = 0; path = Shift.app; sourceTree = BUILT_PRODUCTS_DIR; };
		8A61BE0F300543E10038A472 /* ShiftTests.xctest */ = {isa = PBXFileReference; explicitFileType = wrapper.cfbundle; includeInIndex = 0; path = ShiftTests.xctest; sourceTree = BUILT_PRODUCTS_DIR; };
		8A61BE19300543E10038A472 /* ShiftUITests.xctest */ = {isa = PBXFileReference; explicitFileType = wrapper.cfbundle; includeInIndex = 0; path = ShiftUITests.xctest; sourceTree = BUILT_PRODUCTS_DIR; };
		8A61BE3A300544670038A472 /* Assets.xcassets */ = {isa = PBXFileReference; lastKnownFileType = folder.assetcatalog; path = Assets.xcassets; sourceTree = "<group>"; };
		8A61BE3B300544670038A472 /* ContentView.swift */ = {isa = PBXFileReference; lastKnownFileType = sourcecode.swift; path = ContentView.swift; sourceTree = "<group>"; };
		8A61BE3C300544670038A472 /* Item.swift */ = {isa = PBXFileReference; lastKnownFileType = sourcecode.swift; path = Item.swift; sourceTree = "<group>"; };
		8A61BE3D300544670038A472 /* ShiftApp.swift */ = {isa = PBXFileReference; lastKnownFileType = sourcecode.swift; path = ShiftApp.swift; sourceTree = "<group>"; };
		8A61BE48300545C30038A472 /* DashboardView.swift */ = {isa = PBXFileReference; lastKnownFileType = sourcecode.swift; path = DashboardView.swift; sourceTree = "<group>"; };
		8A61BE4A300545E20038A472 /* RootView.swift */ = {isa = PBXFileReference; lastKnownFileType = sourcecode.swift; path = RootView.swift; sourceTree = "<group>"; };
		8A61BE51300547110038A472 /* AppColors.swift */ = {isa = PBXFileReference; lastKnownFileType = sourcecode.swift; path = AppColors.swift; sourceTree = "<group>"; };
		8A61BE52300547110038A472 /* Typography.swift */ = {isa = PBXFileReference; lastKnownFileType = sourcecode.swift; path = Typography.swift; sourceTree = "<group>"; };
		8A61BE56300549A20038A472 /* Spacing.swift */ = {isa = PBXFileReference; lastKnownFileType = sourcecode.swift; path = Spacing.swift; sourceTree = "<group>"; };
		8A61BE5830054A0E0038A472 /* Radius.swift */ = {isa = PBXFileReference; lastKnownFileType = sourcecode.swift; path = Radius.swift; sourceTree = "<group>"; };
		8A61BE5A30054A160038A472 /* Shadows.swift */ = {isa = PBXFileReference; lastKnownFileType = sourcecode.swift; path = Shadows.swift; sourceTree = "<group>"; };
		8A61BE6A30054B820038A472 /* AppCard.swift */ = {isa = PBXFileReference; lastKnownFileType = sourcecode.swift; path = AppCard.swift; sourceTree = "<group>"; };
		8A61BE7430054D590038A472 /* DashboardViewModel.swift */ = {isa = PBXFileReference; lastKnownFileType = sourcecode.swift; path = DashboardViewModel.swift; sourceTree = "<group>"; };
		8A61BE813006B0010038A472 /* Color+Hex.swift */ = {isa = PBXFileReference; lastKnownFileType = sourcecode.swift; path = "Color+Hex.swift"; sourceTree = "<group>"; };
		8A61BEB7300942A20038A472 /* FeaturesView.swift */ = {isa = PBXFileReference; lastKnownFileType = sourcecode.swift; path = FeaturesView.swift; sourceTree = "<group>"; };
		8A61BEB9300942AE0038A472 /* CalendarView.swift */ = {isa = PBXFileReference; lastKnownFileType = sourcecode.swift; path = CalendarView.swift; sourceTree = "<group>"; };
		8A61BEBB300942B50038A472 /* StatisticsView.swift */ = {isa = PBXFileReference; lastKnownFileType = sourcecode.swift; path = StatisticsView.swift; sourceTree = "<group>"; };
		8A61BEBD300942BC0038A472 /* ProfileView.swift */ = {isa = PBXFileReference; lastKnownFileType = sourcecode.swift; path = ProfileView.swift; sourceTree = "<group>"; };
/* End PBXFileReference section */

/* Begin PBXFileSystemSynchronizedRootGroup section */
		8A61BE12300543E10038A472 /* ShiftTests */ = {
			isa = PBXFileSystemSynchronizedRootGroup;
			path = ShiftTests;
			sourceTree = "<group>";
		};
		8A61BE1C300543E10038A472 /* ShiftUITests */ = {
			isa = PBXFileSystemSynchronizedRootGroup;
			path = ShiftUITests;
			sourceTree = "<group>";
		};
/* End PBXFileSystemSynchronizedRootGroup section */

/* Begin PBXFrameworksBuildPhase section */
		8A61BDFD300543DF0038A472 /* Frameworks */ = {
			isa = PBXFrameworksBuildPhase;
			buildActionMask = 2147483647;
			files = (
			);
			runOnlyForDeploymentPostprocessing = 0;
		};
		8A61BE0C300543E10038A472 /* Frameworks */ = {
			isa = PBXFrameworksBuildPhase;
			buildActionMask = 2147483647;
			files = (
			);
			runOnlyForDeploymentPostprocessing = 0;
		};
		8A61BE16300543E10038A472 /* Frameworks */ = {
			isa = PBXFrameworksBuildPhase;
			buildActionMask = 2147483647;
			files = (
			);
			runOnlyForDeploymentPostprocessing = 0;
		};
/* End PBXFrameworksBuildPhase section */

/* Begin PBXGroup section */
		8A61BDF7300543DF0038A472 = {
			isa = PBXGroup;
			children = (
				8A61BE3E300544670038A472 /* Shift */,
				8A61BE12300543E10038A472 /* ShiftTests */,
				8A61BE1C300543E10038A472 /* ShiftUITests */,
				8A61BE01300543DF0038A472 /* Products */,
			);
			sourceTree = "<group>";
		};
		8A61BE01300543DF0038A472 /* Products */ = {
			isa = PBXGroup;
			children = (
				8A61BE00300543DF0038A472 /* Shift.app */,
				8A61BE0F300543E10038A472 /* ShiftTests.xctest */,
				8A61BE19300543E10038A472 /* ShiftUITests.xctest */,
			);
			name = Products;
			sourceTree = "<group>";
		};
		8A61BE33300544670038A472 /* App */ = {
			isa = PBXGroup;
			children = (
				8A61BE3D300544670038A472 /* ShiftApp.swift */,
				8A61BE4A300545E20038A472 /* RootView.swift */,
			);
			path = App;
			sourceTree = "<group>";
		};
		8A61BE35300544670038A472 /* Core */ = {
			isa = PBXGroup;
			children = (
				8A61BE6930054B770038A472 /* Components */,
				8A61BE53300547110038A472 /* DesignSystem */,
			);
			path = Core;
			sourceTree = "<group>";
		};
		8A61BE36300544670038A472 /* Features */ = {
			isa = PBXGroup;
			children = (
				8A61BE44300545850038A472 /* Dashboard */,
			);
			path = Features;
			sourceTree = "<group>";
		};
		8A61BE37300544670038A472 /* Models */ = {
			isa = PBXGroup;
			children = (
			);
			path = Models;
			sourceTree = "<group>";
		};
		8A61BE38300544670038A472 /* Resources */ = {
			isa = PBXGroup;
			children = (
			);
			path = Resources;
			sourceTree = "<group>";
		};
		8A61BE39300544670038A472 /* Services */ = {
			isa = PBXGroup;
			children = (
			);
			path = Services;
			sourceTree = "<group>";
		};
		8A61BE3E300544670038A472 /* Shift */ = {
			isa = PBXGroup;
			children = (
				8A61BE33300544670038A472 /* App */,
				8A61BE35300544670038A472 /* Core */,
				8A61BE36300544670038A472 /* Features */,
				8A61BE37300544670038A472 /* Models */,
				8A61BE38300544670038A472 /* Resources */,
				8A61BE39300544670038A472 /* Services */,
				8A61BE3A300544670038A472 /* Assets.xcassets */,
				8A61BE3B300544670038A472 /* ContentView.swift */,
				8A61BE3C300544670038A472 /* Item.swift */,
			);
			path = Shift;
			sourceTree = "<group>";
		};
		8A61BE44300545850038A472 /* Dashboard */ = {
			isa = PBXGroup;
			children = (
				8A61BE7330054D440038A472 /* Components */,
				8A61BE7030054D440038A472 /* Model */,
				8A61BE7130054D440038A472 /* ViewModel */,
				8A61BE7230054D440038A472 /* View */,
			);
			path = Dashboard;
			sourceTree = "<group>";
		};
		8A61BE53300547110038A472 /* DesignSystem */ = {
			isa = PBXGroup;
			children = (
				8A61BE823006B0010038A472 /* Extensions */,
				8A61BE51300547110038A472 /* AppColors.swift */,
				8A61BE52300547110038A472 /* Typography.swift */,
				8A61BE56300549A20038A472 /* Spacing.swift */,
				8A61BE5830054A0E0038A472 /* Radius.swift */,
				8A61BE5A30054A160038A472 /* Shadows.swift */,
			);
			path = DesignSystem;
			sourceTree = "<group>";
		};
		8A61BE6930054B770038A472 /* Components */ = {
			isa = PBXGroup;
			children = (
				8A61BE6A30054B820038A472 /* AppCard.swift */,
			);
			path = Components;
			sourceTree = "<group>";
		};
		8A61BE7030054D440038A472 /* Model */ = {
			isa = PBXGroup;
			children = (
			);
			path = Model;
			sourceTree = "<group>";
		};
		8A61BE7130054D440038A472 /* ViewModel */ = {
			isa = PBXGroup;
			children = (
				8A61BE7430054D590038A472 /* DashboardViewModel.swift */,
			);
			path = ViewModel;
			sourceTree = "<group>";
		};
		8A61BE7230054D440038A472 /* View */ = {
			isa = PBXGroup;
			children = (
				8A61BE48300545C30038A472 /* DashboardView.swift */,
				8A61BEB7300942A20038A472 /* FeaturesView.swift */,
				8A61BEB9300942AE0038A472 /* CalendarView.swift */,
				8A61BEBB300942B50038A472 /* StatisticsView.swift */,
				8A61BEBD300942BC0038A472 /* ProfileView.swift */,
			);
			path = View;
			sourceTree = "<group>";
		};
		8A61BE7330054D440038A472 /* Components */ = {
			isa = PBXGroup;
			children = (
			);
			path = Components;
			sourceTree = "<group>";
		};
		8A61BE823006B0010038A472 /* Extensions */ = {
			isa = PBXGroup;
			children = (
				8A61BE813006B0010038A472 /* Color+Hex.swift */,
			);
			path = Extensions;
			sourceTree = "<group>";
		};
/* End PBXGroup section */

/* Begin PBXNativeTarget section */
		8A61BDFF300543DF0038A472 /* Shift */ = {
			isa = PBXNativeTarget;
			buildConfigurationList = 8A61BE23300543E10038A472 /* Build configuration list for PBXNativeTarget "Shift" */;
			buildPhases = (
				8A61BDFC300543DF0038A472 /* Sources */,
				8A61BDFD300543DF0038A472 /* Frameworks */,
				8A61BDFE300543DF0038A472 /* Resources */,
			);
			buildRules = (
			);
			dependencies = (
			);
			name = Shift;
			packageProductDependencies = (
			);
			productName = Shift;
			productReference = 8A61BE00300543DF0038A472 /* Shift.app */;
			productType = "com.apple.product-type.application";
		};
		8A61BE0E300543E10038A472 /* ShiftTests */ = {
			isa = PBXNativeTarget;
			buildConfigurationList = 8A61BE26300543E10038A472 /* Build configuration list for PBXNativeTarget "ShiftTests" */;
			buildPhases = (
				8A61BE0B300543E10038A472 /* Sources */,
				8A61BE0C300543E10038A472 /* Frameworks */,
				8A61BE0D300543E10038A472 /* Resources */,
			);
			buildRules = (
			);
			dependencies = (
				8A61BE11300543E10038A472 /* PBXTargetDependency */,
			);
			fileSystemSynchronizedGroups = (
				8A61BE12300543E10038A472 /* ShiftTests */,
			);
			name = ShiftTests;
			packageProductDependencies = (
			);
			productName = ShiftTests;
			productReference = 8A61BE0F300543E10038A472 /* ShiftTests.xctest */;
			productType = "com.apple.product-type.bundle.unit-test";
		};
		8A61BE18300543E10038A472 /* ShiftUITests */ = {
			isa = PBXNativeTarget;
			buildConfigurationList = 8A61BE29300543E10038A472 /* Build configuration list for PBXNativeTarget "ShiftUITests" */;
			buildPhases = (
				8A61BE15300543E10038A472 /* Sources */,
				8A61BE16300543E10038A472 /* Frameworks */,
				8A61BE17300543E10038A472 /* Resources */,
			);
			buildRules = (
			);
			dependencies = (
				8A61BE1B300543E10038A472 /* PBXTargetDependency */,
			);
			fileSystemSynchronizedGroups = (
				8A61BE1C300543E10038A472 /* ShiftUITests */,
			);
			name = ShiftUITests;
			packageProductDependencies = (
			);
			productName = ShiftUITests;
			productReference = 8A61BE19300543E10038A472 /* ShiftUITests.xctest */;
			productType = "com.apple.product-type.bundle.ui-testing";
		};
/* End PBXNativeTarget section */

/* Begin PBXProject section */
		8A61BDF8300543DF0038A472 /* Project object */ = {
			isa = PBXProject;
			attributes = {
				BuildIndependentTargetsInParallel = 1;
				LastSwiftUpdateCheck = 2640;
				LastUpgradeCheck = 2640;
				TargetAttributes = {
					8A61BDFF300543DF0038A472 = {
						CreatedOnToolsVersion = 26.4.1;
					};
					8A61BE0E300543E10038A472 = {
						CreatedOnToolsVersion = 26.4.1;
						TestTargetID = 8A61BDFF300543DF0038A472;
					};
					8A61BE18300543E10038A472 = {
						CreatedOnToolsVersion = 26.4.1;
						TestTargetID = 8A61BDFF300543DF0038A472;
					};
				};
			};
			buildConfigurationList = 8A61BDFB300543DF0038A472 /* Build configuration list for PBXProject "Shift" */;
			developmentRegion = en;
			hasScannedForEncodings = 0;
			knownRegions = (
				en,
				Base,
			);
			mainGroup = 8A61BDF7300543DF0038A472;
			minimizedProjectReferenceProxies = 1;
			preferredProjectObjectVersion = 77;
			productRefGroup = 8A61BE01300543DF0038A472 /* Products */;
			projectDirPath = "";
			projectRoot = "";
			targets = (
				8A61BDFF300543DF0038A472 /* Shift */,
				8A61BE0E300543E10038A472 /* ShiftTests */,
				8A61BE18300543E10038A472 /* ShiftUITests */,
			);
		};
/* End PBXProject section */

/* Begin PBXResourcesBuildPhase section */
		8A61BDFE300543DF0038A472 /* Resources */ = {
			isa = PBXResourcesBuildPhase;
			buildActionMask = 2147483647;
			files = (
				8A61BE42300544670038A472 /* Assets.xcassets in Resources */,
			);
			runOnlyForDeploymentPostprocessing = 0;
		};
		8A61BE0D300543E10038A472 /* Resources */ = {
			isa = PBXResourcesBuildPhase;
			buildActionMask = 2147483647;
			files = (
			);
			runOnlyForDeploymentPostprocessing = 0;
		};
		8A61BE17300543E10038A472 /* Resources */ = {
			isa = PBXResourcesBuildPhase;
			buildActionMask = 2147483647;
			files = (
			);
			runOnlyForDeploymentPostprocessing = 0;
		};
/* End PBXResourcesBuildPhase section */

/* Begin PBXSourcesBuildPhase section */
		8A61BDFC300543DF0038A472 /* Sources */ = {
			isa = PBXSourcesBuildPhase;
			buildActionMask = 2147483647;
			files = (
				8A61BE833006B0010038A472 /* Color+Hex.swift in Sources */,
				8A61BE3F300544670038A472 /* ContentView.swift in Sources */,
				8A61BE5B30054A160038A472 /* Shadows.swift in Sources */,
				8A61BE54300547110038A472 /* AppColors.swift in Sources */,
				8A61BE7530054D590038A472 /* DashboardViewModel.swift in Sources */,
				8A61BEBC300942B50038A472 /* StatisticsView.swift in Sources */,
				8A61BEBA300942AE0038A472 /* CalendarView.swift in Sources */,
				8A61BE5930054A0E0038A472 /* Radius.swift in Sources */,
				8A61BE55300547110038A472 /* Typography.swift in Sources */,
				8A61BEBE300942BC0038A472 /* ProfileView.swift in Sources */,
				8A61BE49300545C30038A472 /* DashboardView.swift in Sources */,
				8A61BE40300544670038A472 /* Item.swift in Sources */,
				8A61BE57300549A20038A472 /* Spacing.swift in Sources */,
				8A61BE41300544670038A472 /* ShiftApp.swift in Sources */,
				8A61BE6B30054B820038A472 /* AppCard.swift in Sources */,
				8A61BE4B300545E20038A472 /* RootView.swift in Sources */,
				8A61BEB8300942A20038A472 /* FeaturesView.swift in Sources */,
			);
			runOnlyForDeploymentPostprocessing = 0;
		};
		8A61BE0B300543E10038A472 /* Sources */ = {
			isa = PBXSourcesBuildPhase;
			buildActionMask = 2147483647;
			files = (
			);
			runOnlyForDeploymentPostprocessing = 0;
		};
		8A61BE15300543E10038A472 /* Sources */ = {
			isa = PBXSourcesBuildPhase;
			buildActionMask = 2147483647;
			files = (
			);
			runOnlyForDeploymentPostprocessing = 0;
		};
/* End PBXSourcesBuildPhase section */

/* Begin PBXTargetDependency section */
		8A61BE11300543E10038A472 /* PBXTargetDependency */ = {
			isa = PBXTargetDependency;
			target = 8A61BDFF300543DF0038A472 /* Shift */;
			targetProxy = 8A61BE10300543E10038A472 /* PBXContainerItemProxy */;
		};
		8A61BE1B300543E10038A472 /* PBXTargetDependency */ = {
			isa = PBXTargetDependency;
			target = 8A61BDFF300543DF0038A472 /* Shift */;
			targetProxy = 8A61BE1A300543E10038A472 /* PBXContainerItemProxy */;
		};
/* End PBXTargetDependency section */

/* Begin XCBuildConfiguration section */
		8A61BE21300543E10038A472 /* Debug */ = {
			isa = XCBuildConfiguration;
			buildSettings = {
				ALWAYS_SEARCH_USER_PATHS = NO;
				ASSETCATALOG_COMPILER_GENERATE_SWIFT_ASSET_SYMBOL_EXTENSIONS = YES;
				CLANG_ANALYZER_NONNULL = YES;
				CLANG_ANALYZER_NUMBER_OBJECT_CONVERSION = YES_AGGRESSIVE;
				CLANG_CXX_LANGUAGE_STANDARD = "gnu++20";
				CLANG_ENABLE_MODULES = YES;
				CLANG_ENABLE_OBJC_ARC = YES;
				CLANG_ENABLE_OBJC_WEAK = YES;
				CLANG_WARN_BLOCK_CAPTURE_AUTORELEASING = YES;
				CLANG_WARN_BOOL_CONVERSION = YES;
				CLANG_WARN_COMMA = YES;
				CLANG_WARN_CONSTANT_CONVERSION = YES;
				CLANG_WARN_DEPRECATED_OBJC_IMPLEMENTATIONS = YES;
				CLANG_WARN_DIRECT_OBJC_ISA_USAGE = YES_ERROR;
				CLANG_WARN_DOCUMENTATION_COMMENTS = YES;
				CLANG_WARN_EMPTY_BODY = YES;
				CLANG_WARN_ENUM_CONVERSION = YES;
				CLANG_WARN_INFINITE_RECURSION = YES;
				CLANG_WARN_INT_CONVERSION = YES;
				CLANG_WARN_NON_LITERAL_NULL_CONVERSION = YES;
				CLANG_WARN_OBJC_IMPLICIT_RETAIN_SELF = YES;
				CLANG_WARN_OBJC_LITERAL_CONVERSION = YES;
				CLANG_WARN_OBJC_ROOT_CLASS = YES_ERROR;
				CLANG_WARN_QUOTED_INCLUDE_IN_FRAMEWORK_HEADER = YES;
				CLANG_WARN_RANGE_LOOP_ANALYSIS = YES;
				CLANG_WARN_STRICT_PROTOTYPES = YES;
				CLANG_WARN_SUSPICIOUS_MOVE = YES;
				CLANG_WARN_UNGUARDED_AVAILABILITY = YES_AGGRESSIVE;
				CLANG_WARN_UNREACHABLE_CODE = YES;
				CLANG_WARN__DUPLICATE_METHOD_MATCH = YES;
				COPY_PHASE_STRIP = NO;
				DEBUG_INFORMATION_FORMAT = dwarf;
				ENABLE_STRICT_OBJC_MSGSEND = YES;
				ENABLE_TESTABILITY = YES;
				ENABLE_USER_SCRIPT_SANDBOXING = YES;
				GCC_C_LANGUAGE_STANDARD = gnu17;
				GCC_DYNAMIC_NO_PIC = NO;
				GCC_NO_COMMON_BLOCKS = YES;
				GCC_OPTIMIZATION_LEVEL = 0;
				GCC_PREPROCESSOR_DEFINITIONS = (
					"DEBUG=1",
					"$(inherited)",
				);
				GCC_WARN_64_TO_32_BIT_CONVERSION = YES;
				GCC_WARN_ABOUT_RETURN_TYPE = YES_ERROR;
				GCC_WARN_UNDECLARED_SELECTOR = YES;
				GCC_WARN_UNINITIALIZED_AUTOS = YES_AGGRESSIVE;
				GCC_WARN_UNUSED_FUNCTION = YES;
				GCC_WARN_UNUSED_VARIABLE = YES;
				IPHONEOS_DEPLOYMENT_TARGET = 26.4;
				LOCALIZATION_PREFERS_STRING_CATALOGS = YES;
				MTL_ENABLE_DEBUG_INFO = INCLUDE_SOURCE;
				MTL_FAST_MATH = YES;
				ONLY_ACTIVE_ARCH = YES;
				SDKROOT = iphoneos;
				SWIFT_ACTIVE_COMPILATION_CONDITIONS = "DEBUG $(inherited)";
				SWIFT_OPTIMIZATION_LEVEL = "-Onone";
			};
			name = Debug;
		};
		8A61BE22300543E10038A472 /* Release */ = {
			isa = XCBuildConfiguration;
			buildSettings = {
				ALWAYS_SEARCH_USER_PATHS = NO;
				ASSETCATALOG_COMPILER_GENERATE_SWIFT_ASSET_SYMBOL_EXTENSIONS = YES;
				CLANG_ANALYZER_NONNULL = YES;
				CLANG_ANALYZER_NUMBER_OBJECT_CONVERSION = YES_AGGRESSIVE;
				CLANG_CXX_LANGUAGE_STANDARD = "gnu++20";
				CLANG_ENABLE_MODULES = YES;
				CLANG_ENABLE_OBJC_ARC = YES;
				CLANG_ENABLE_OBJC_WEAK = YES;
				CLANG_WARN_BLOCK_CAPTURE_AUTORELEASING = YES;
				CLANG_WARN_BOOL_CONVERSION = YES;
				CLANG_WARN_COMMA = YES;
				CLANG_WARN_CONSTANT_CONVERSION = YES;
				CLANG_WARN_DEPRECATED_OBJC_IMPLEMENTATIONS = YES;
				CLANG_WARN_DIRECT_OBJC_ISA_USAGE = YES_ERROR;
				CLANG_WARN_DOCUMENTATION_COMMENTS = YES;
				CLANG_WARN_EMPTY_BODY = YES;
				CLANG_WARN_ENUM_CONVERSION = YES;
				CLANG_WARN_INFINITE_RECURSION = YES;
				CLANG_WARN_INT_CONVERSION = YES;
				CLANG_WARN_NON_LITERAL_NULL_CONVERSION = YES;
				CLANG_WARN_OBJC_IMPLICIT_RETAIN_SELF = YES;
				CLANG_WARN_OBJC_LITERAL_CONVERSION = YES;
				CLANG_WARN_OBJC_ROOT_CLASS = YES_ERROR;
				CLANG_WARN_QUOTED_INCLUDE_IN_FRAMEWORK_HEADER = YES;
				CLANG_WARN_RANGE_LOOP_ANALYSIS = YES;
				CLANG_WARN_STRICT_PROTOTYPES = YES;
				CLANG_WARN_SUSPICIOUS_MOVE = YES;
				CLANG_WARN_UNGUARDED_AVAILABILITY = YES_AGGRESSIVE;
				CLANG_WARN_UNREACHABLE_CODE = YES;
				CLANG_WARN__DUPLICATE_METHOD_MATCH = YES;
				COPY_PHASE_STRIP = NO;
				DEBUG_INFORMATION_FORMAT = "dwarf-with-dsym";
				ENABLE_NS_ASSERTIONS = NO;
				ENABLE_STRICT_OBJC_MSGSEND = YES;
				ENABLE_USER_SCRIPT_SANDBOXING = YES;
				GCC_C_LANGUAGE_STANDARD = gnu17;
				GCC_NO_COMMON_BLOCKS = YES;
				GCC_WARN_64_TO_32_BIT_CONVERSION = YES;
				GCC_WARN_ABOUT_RETURN_TYPE = YES_ERROR;
				GCC_WARN_UNDECLARED_SELECTOR = YES;
				GCC_WARN_UNINITIALIZED_AUTOS = YES_AGGRESSIVE;
				GCC_WARN_UNUSED_FUNCTION = YES;
				GCC_WARN_UNUSED_VARIABLE = YES;
				IPHONEOS_DEPLOYMENT_TARGET = 26.4;
				LOCALIZATION_PREFERS_STRING_CATALOGS = YES;
				MTL_ENABLE_DEBUG_INFO = NO;
				MTL_FAST_MATH = YES;
				SDKROOT = iphoneos;
				SWIFT_COMPILATION_MODE = wholemodule;
				VALIDATE_PRODUCT = YES;
			};
			name = Release;
		};
		8A61BE24300543E10038A472 /* Debug */ = {
			isa = XCBuildConfiguration;
			buildSettings = {
				ASSETCATALOG_COMPILER_APPICON_NAME = AppIcon;
				ASSETCATALOG_COMPILER_GLOBAL_ACCENT_COLOR_NAME = AccentColor;
				CODE_SIGN_IDENTITY = "Apple Development";
				CODE_SIGN_STYLE = Manual;
				CURRENT_PROJECT_VERSION = 1;
				DEVELOPMENT_TEAM = "";
				ENABLE_PREVIEWS = YES;
				GENERATE_INFOPLIST_FILE = YES;
				INFOPLIST_KEY_UIApplicationSceneManifest_Generation = YES;
				INFOPLIST_KEY_UIApplicationSupportsIndirectInputEvents = YES;
				INFOPLIST_KEY_UILaunchScreen_Generation = YES;
				INFOPLIST_KEY_UISupportedInterfaceOrientations = UIInterfaceOrientationPortrait;
				INFOPLIST_KEY_UISupportedInterfaceOrientations_iPad = "UIInterfaceOrientationLandscapeLeft UIInterfaceOrientationLandscapeRight UIInterfaceOrientationPortrait UIInterfaceOrientationPortraitUpsideDown";
				IPHONEOS_DEPLOYMENT_TARGET = 17.0;
				LD_RUNPATH_SEARCH_PATHS = (
					"$(inherited)",
					"@executable_path/Frameworks",
				);
				MARKETING_VERSION = 1.0;
				PRODUCT_BUNDLE_IDENTIFIER = test.Shift;
				PRODUCT_NAME = "$(TARGET_NAME)";
				PROVISIONING_PROFILE_SPECIFIER = "";
				STRING_CATALOG_GENERATE_SYMBOLS = YES;
				SUPPORTED_PLATFORMS = "iphoneos iphonesimulator";
				SUPPORTS_MACCATALYST = NO;
				SUPPORTS_MAC_DESIGNED_FOR_IPHONE_IPAD = NO;
				SUPPORTS_XR_DESIGNED_FOR_IPHONE_IPAD = NO;
				SWIFT_APPROACHABLE_CONCURRENCY = YES;
				SWIFT_DEFAULT_ACTOR_ISOLATION = MainActor;
				SWIFT_EMIT_LOC_STRINGS = YES;
				SWIFT_UPCOMING_FEATURE_MEMBER_IMPORT_VISIBILITY = YES;
				SWIFT_VERSION = 5.0;
				TARGETED_DEVICE_FAMILY = 1;
			};
			name = Debug;
		};
		8A61BE25300543E10038A472 /* Release */ = {
			isa = XCBuildConfiguration;
			buildSettings = {
				ASSETCATALOG_COMPILER_APPICON_NAME = AppIcon;
				ASSETCATALOG_COMPILER_GLOBAL_ACCENT_COLOR_NAME = AccentColor;
				CODE_SIGN_IDENTITY = "Apple Development";
				CODE_SIGN_STYLE = Manual;
				CURRENT_PROJECT_VERSION = 1;
				DEVELOPMENT_TEAM = "";
				ENABLE_PREVIEWS = YES;
				GENERATE_INFOPLIST_FILE = YES;
				INFOPLIST_KEY_UIApplicationSceneManifest_Generation = YES;
				INFOPLIST_KEY_UIApplicationSupportsIndirectInputEvents = YES;
				INFOPLIST_KEY_UILaunchScreen_Generation = YES;
				INFOPLIST_KEY_UISupportedInterfaceOrientations = UIInterfaceOrientationPortrait;
				INFOPLIST_KEY_UISupportedInterfaceOrientations_iPad = "UIInterfaceOrientationLandscapeLeft UIInterfaceOrientationLandscapeRight UIInterfaceOrientationPortrait UIInterfaceOrientationPortraitUpsideDown";
				IPHONEOS_DEPLOYMENT_TARGET = 17.0;
				LD_RUNPATH_SEARCH_PATHS = (
					"$(inherited)",
					"@executable_path/Frameworks",
				);
				MARKETING_VERSION = 1.0;
				PRODUCT_BUNDLE_IDENTIFIER = test.Shift;
				PRODUCT_NAME = "$(TARGET_NAME)";
				PROVISIONING_PROFILE_SPECIFIER = "";
				STRING_CATALOG_GENERATE_SYMBOLS = YES;
				SUPPORTED_PLATFORMS = "iphoneos iphonesimulator";
				SUPPORTS_MACCATALYST = NO;
				SUPPORTS_MAC_DESIGNED_FOR_IPHONE_IPAD = NO;
				SUPPORTS_XR_DESIGNED_FOR_IPHONE_IPAD = NO;
				SWIFT_APPROACHABLE_CONCURRENCY = YES;
				SWIFT_DEFAULT_ACTOR_ISOLATION = MainActor;
				SWIFT_EMIT_LOC_STRINGS = YES;
				SWIFT_UPCOMING_FEATURE_MEMBER_IMPORT_VISIBILITY = YES;
				SWIFT_VERSION = 5.0;
				TARGETED_DEVICE_FAMILY = 1;
			};
			name = Release;
		};
		8A61BE27300543E10038A472 /* Debug */ = {
			isa = XCBuildConfiguration;
			buildSettings = {
				BUNDLE_LOADER = "$(TEST_HOST)";
				CODE_SIGN_STYLE = Automatic;
				CURRENT_PROJECT_VERSION = 1;
				GENERATE_INFOPLIST_FILE = YES;
				IPHONEOS_DEPLOYMENT_TARGET = 26.4;
				MARKETING_VERSION = 1.0;
				PRODUCT_BUNDLE_IDENTIFIER = test.ShiftTests;
				PRODUCT_NAME = "$(TARGET_NAME)";
				STRING_CATALOG_GENERATE_SYMBOLS = NO;
				SWIFT_APPROACHABLE_CONCURRENCY = YES;
				SWIFT_EMIT_LOC_STRINGS = NO;
				SWIFT_UPCOMING_FEATURE_MEMBER_IMPORT_VISIBILITY = YES;
				SWIFT_VERSION = 5.0;
				TARGETED_DEVICE_FAMILY = "1,2";
				TEST_HOST = "$(BUILT_PRODUCTS_DIR)/Shift.app/$(BUNDLE_EXECUTABLE_FOLDER_PATH)/Shift";
			};
			name = Debug;
		};
		8A61BE28300543E10038A472 /* Release */ = {
			isa = XCBuildConfiguration;
			buildSettings = {
				BUNDLE_LOADER = "$(TEST_HOST)";
				CODE_SIGN_STYLE = Automatic;
				CURRENT_PROJECT_VERSION = 1;
				GENERATE_INFOPLIST_FILE = YES;
				IPHONEOS_DEPLOYMENT_TARGET = 26.4;
				MARKETING_VERSION = 1.0;
				PRODUCT_BUNDLE_IDENTIFIER = test.ShiftTests;
				PRODUCT_NAME = "$(TARGET_NAME)";
				STRING_CATALOG_GENERATE_SYMBOLS = NO;
				SWIFT_APPROACHABLE_CONCURRENCY = YES;
				SWIFT_EMIT_LOC_STRINGS = NO;
				SWIFT_UPCOMING_FEATURE_MEMBER_IMPORT_VISIBILITY = YES;
				SWIFT_VERSION = 5.0;
				TARGETED_DEVICE_FAMILY = "1,2";
				TEST_HOST = "$(BUILT_PRODUCTS_DIR)/Shift.app/$(BUNDLE_EXECUTABLE_FOLDER_PATH)/Shift";
			};
			name = Release;
		};
		8A61BE2A300543E10038A472 /* Debug */ = {
			isa = XCBuildConfiguration;
			buildSettings = {
				CODE_SIGN_STYLE = Automatic;
				CURRENT_PROJECT_VERSION = 1;
				GENERATE_INFOPLIST_FILE = YES;
				MARKETING_VERSION = 1.0;
				PRODUCT_BUNDLE_IDENTIFIER = test.ShiftUITests;
				PRODUCT_NAME = "$(TARGET_NAME)";
				STRING_CATALOG_GENERATE_SYMBOLS = NO;
				SWIFT_APPROACHABLE_CONCURRENCY = YES;
				SWIFT_EMIT_LOC_STRINGS = NO;
				SWIFT_UPCOMING_FEATURE_MEMBER_IMPORT_VISIBILITY = YES;
				SWIFT_VERSION = 5.0;
				TARGETED_DEVICE_FAMILY = "1,2";
				TEST_TARGET_NAME = Shift;
			};
			name = Debug;
		};
		8A61BE2B300543E10038A472 /* Release */ = {
			isa = XCBuildConfiguration;
			buildSettings = {
				CODE_SIGN_STYLE = Automatic;
				CURRENT_PROJECT_VERSION = 1;
				GENERATE_INFOPLIST_FILE = YES;
				MARKETING_VERSION = 1.0;
				PRODUCT_BUNDLE_IDENTIFIER = test.ShiftUITests;
				PRODUCT_NAME = "$(TARGET_NAME)";
				STRING_CATALOG_GENERATE_SYMBOLS = NO;
				SWIFT_APPROACHABLE_CONCURRENCY = YES;
				SWIFT_EMIT_LOC_STRINGS = NO;
				SWIFT_UPCOMING_FEATURE_MEMBER_IMPORT_VISIBILITY = YES;
				SWIFT_VERSION = 5.0;
				TARGETED_DEVICE_FAMILY = "1,2";
				TEST_TARGET_NAME = Shift;
			};
			name = Release;
		};
/* End XCBuildConfiguration section */

/* Begin XCConfigurationList section */
		8A61BDFB300543DF0038A472 /* Build configuration list for PBXProject "Shift" */ = {
			isa = XCConfigurationList;
			buildConfigurations = (
				8A61BE21300543E10038A472 /* Debug */,
				8A61BE22300543E10038A472 /* Release */,
			);
			defaultConfigurationIsVisible = 0;
			defaultConfigurationName = Release;
		};
		8A61BE23300543E10038A472 /* Build configuration list for PBXNativeTarget "Shift" */ = {
			isa = XCConfigurationList;
			buildConfigurations = (
				8A61BE24300543E10038A472 /* Debug */,
				8A61BE25300543E10038A472 /* Release */,
			);
			defaultConfigurationIsVisible = 0;
			defaultConfigurationName = Release;
		};
		8A61BE26300543E10038A472 /* Build configuration list for PBXNativeTarget "ShiftTests" */ = {
			isa = XCConfigurationList;
			buildConfigurations = (
				8A61BE27300543E10038A472 /* Debug */,
				8A61BE28300543E10038A472 /* Release */,
			);
			defaultConfigurationIsVisible = 0;
			defaultConfigurationName = Release;
		};
		8A61BE29300543E10038A472 /* Build configuration list for PBXNativeTarget "ShiftUITests" */ = {
			isa = XCConfigurationList;
			buildConfigurations = (
				8A61BE2A300543E10038A472 /* Debug */,
				8A61BE2B300543E10038A472 /* Release */,
			);
			defaultConfigurationIsVisible = 0;
			defaultConfigurationName = Release;
		};
/* End XCConfigurationList section */
	};
	rootObject = 8A61BDF8300543DF0038A472 /* Project object */;
}
